schema: '2.0'
stages:
  preprocessing:
    cmd: python src/preprocessing.py data/raw
    deps:
    - path: data/raw
      md5: bb702100a5ef4ef1035508ad9076a822.dir
      size: 127943851
      nfiles: 2
    - path: src/preprocessing.py
      md5: 5e621c50e1ea73f5fa37463155f1ba17
      size: 1623
    params:
      params.yaml:
        preprocess.seed: 42
        preprocess.split: 0.2
    outs:
    - path: data/processed
      md5: 48300b2606d68735812ddde0b154fea9.dir
      size: 128018061
      nfiles: 6
  train:
    cmd: python src/train.py data/processed models/model.h5
    deps:
    - path: data/processed
      md5: 48300b2606d68735812ddde0b154fea9.dir
      size: 128018061
      nfiles: 6
    - path: src/train.py
      md5: 301302c4323e7273f7837223c18c5555
      size: 1403
    params:
      params.yaml:
        train.batch_size: 32
        train.epochs: 10
        train.lr: 1e-05
    outs:
    - path: models/model.h5
      md5: 9cc48d1f49e408b68f79e2f0187849a5
      size: 6855128
